// !$*UTF8*$!
{
	archiveVersion = 1;
	classes = {
	};
	objectVersion = 55;
	objects = {

/* Begin PBXBuildFile section */
		52F7C0BFE3E3C6BA11C2BB03 /* Pods_TodoList.framework in Frameworks */ = {isa = PBXBuildFile; fileRef = 30B307A72FEED269DC7BDEE3 /* Pods_TodoList.framework */; };
		D015EE16280DBFAA00FCDAC3 /* Friend.swift in Sources */ = {isa = PBXBuildFile; fileRef = D015EE15280DBFAA00FCDAC3 /* Friend.swift */; };
		D015EE1A280DC1F700FCDAC3 /* FriendCollectionViewCell.swift in Sources */ = {isa = PBXBuildFile; fileRef = D015EE19280DC1F700FCDAC3 /* FriendCollectionViewCell.swift */; };
		D051F35527CDE2AF00ABBB4E /* AppDelegate.swift in Sources */ = {isa = PBXBuildFile; fileRef = D051F35427CDE2AF00ABBB4E /* AppDelegate.swift */; };
		D051F35727CDE2AF00ABBB4E /* SceneDelegate.swift in Sources */ = {isa = PBXBuildFile; fileRef = D051F35627CDE2AF00ABBB4E /* SceneDelegate.swift */; };
		D051F35927CDE2AF00ABBB4E /* ViewController.swift in Sources */ = {isa = PBXBuildFile; fileRef = D051F35827CDE2AF00ABBB4E /* ViewController.swift */; };
		D051F35C27CDE2AF00ABBB4E /* Main.storyboard in Resources */ = {isa = PBXBuildFile; fileRef = D051F35A27CDE2AF00ABBB4E /* Main.storyboard */; };
		D051F35F27CDE2AF00ABBB4E /* TodoList.xcdatamodeld in Sources */ = {isa = PBXBuildFile; fileRef = D051F35D27CDE2AF00ABBB4E /* TodoList.xcdatamodeld */; };
		D051F36127CDE2B100ABBB4E /* Assets.xcassets in Resources */ = {isa = PBXBuildFile; fileRef = D051F36027CDE2B100ABBB4E /* Assets.xcassets */; };
		D051F36427CDE2B100ABBB4E /* LaunchScreen.storyboard in Resources */ = {isa = PBXBuildFile; fileRef = D051F36227CDE2B100ABBB4E /* LaunchScreen.storyboard */; };
		D051F36C27CDE9F900ABBB4E /* TodoCell.swift in Sources */ = {isa = PBXBuildFile; fileRef = D051F36B27CDE9F800ABBB4E /* TodoCell.swift */; };
		D051F36F27CE2ADC00ABBB4E /* TodoDetailViewController.swift in Sources */ = {isa = PBXBuildFile; fileRef = D051F36D27CE2ADC00ABBB4E /* TodoDetailViewController.swift */; };
		D051F37027CE2ADC00ABBB4E /* TodoDetailViewController.xib in Resources */ = {isa = PBXBuildFile; fileRef = D051F36E27CE2ADC00ABBB4E /* TodoDetailViewController.xib */; };
		D082E99628218D6F00DDF586 /* DetailModel.swift in Sources */ = {isa = PBXBuildFile; fileRef = D082E99528218D6F00DDF586 /* DetailModel.swift */; };
		D08B027B27E5C21700012766 /* firstTabVC.swift in Sources */ = {isa = PBXBuildFile; fileRef = D08B027A27E5C21700012766 /* firstTabVC.swift */; };
		D08B027F27E5C25D00012766 /* mypageVC.swift in Sources */ = {isa = PBXBuildFile; fileRef = D08B027E27E5C25D00012766 /* mypageVC.swift */; };
		D08B028627E61BCE00012766 /* profile-bg.png in Resources */ = {isa = PBXBuildFile; fileRef = D08B028527E61BCE00012766 /* profile-bg.png */; };
		D08B028827E8389D00012766 /* FeedCell.swift in Sources */ = {isa = PBXBuildFile; fileRef = D08B028727E8389D00012766 /* FeedCell.swift */; };
		D08B028C27E8577700012766 /* FeedModel.swift in Sources */ = {isa = PBXBuildFile; fileRef = D08B028B27E8577700012766 /* FeedModel.swift */; };
		D08B028E27E941D800012766 /* WriteVC.swift in Sources */ = {isa = PBXBuildFile; fileRef = D08B028D27E941D800012766 /* WriteVC.swift */; };
		D08B029727E9C86B00012766 /* CVcell.swift in Sources */ = {isa = PBXBuildFile; fileRef = D08B029627E9C86B00012766 /* CVcell.swift */; };
		D08B02C527EB62F300012766 /* imgUploadVC.swift in Sources */ = {isa = PBXBuildFile; fileRef = D08B02C427EB62F300012766 /* imgUploadVC.swift */; };
		D08B699B281AF6590095E54A /* DetailViewCell.swift in Sources */ = {isa = PBXBuildFile; fileRef = D08B6999281AF6590095E54A /* DetailViewCell.swift */; };
		D08B699C281AF6590095E54A /* DetailViewCell.xib in Resources */ = {isa = PBXBuildFile; fileRef = D08B699A281AF6590095E54A /* DetailViewCell.xib */; };
		D09E65F127F0F20400077BD5 /* OpenGLES.framework in Frameworks */ = {isa = PBXBuildFile; fileRef = D09E65F027F0F20400077BD5 /* OpenGLES.framework */; };
		D09E65F327F0F24F00077BD5 /* SystemConfiguration.framework in Frameworks */ = {isa = PBXBuildFile; fileRef = D09E65F227F0F24F00077BD5 /* SystemConfiguration.framework */; };
		D09E65F527F0F25800077BD5 /* CoreLocation.framework in Frameworks */ = {isa = PBXBuildFile; fileRef = D09E65F427F0F25800077BD5 /* CoreLocation.framework */; };
		D09E65F727F0F26300077BD5 /* QuartzCore.framework in Frameworks */ = {isa = PBXBuildFile; fileRef = D09E65F627F0F26300077BD5 /* QuartzCore.framework */; };
		D09E65F927F0F27400077BD5 /* libc++.tbd in Frameworks */ = {isa = PBXBuildFile; fileRef = D09E65F827F0F26D00077BD5 /* libc++.tbd */; };
		D09E65FB27F0F28400077BD5 /* libxml2.tbd in Frameworks */ = {isa = PBXBuildFile; fileRef = D09E65FA27F0F27F00077BD5 /* libxml2.tbd */; };
		D09E65FD27F0F35300077BD5 /* libsqlite3.tbd in Frameworks */ = {isa = PBXBuildFile; fileRef = D09E65FC27F0F34D00077BD5 /* libsqlite3.tbd */; };
		D09E65FF27F1034800077BD5 /* HeartVC.swift in Sources */ = {isa = PBXBuildFile; fileRef = D09E65FE27F1034800077BD5 /* HeartVC.swift */; };
		D09E660327F1079600077BD5 /* 01.jpg in Resources */ = {isa = PBXBuildFile; fileRef = D09E660227F1079600077BD5 /* 01.jpg */; };
		D0C98B7027F5EC3900445A00 /* DetailViewController.swift in Sources */ = {isa = PBXBuildFile; fileRef = D0C98B6F27F5EC3900445A00 /* DetailViewController.swift */; };
		D0C98B7227F5EDCB00445A00 /* DetailViewController.storyboard in Resources */ = {isa = PBXBuildFile; fileRef = D0C98B7127F5EDCB00445A00 /* DetailViewController.storyboard */; };
		D0C98B7427F736DF00445A00 /* nMapVC.swift in Sources */ = {isa = PBXBuildFile; fileRef = D0C98B7327F736DF00445A00 /* nMapVC.swift */; };
		D0C98B7627FAF47D00445A00 /* MapModel.swift in Sources */ = {isa = PBXBuildFile; fileRef = D0C98B7527FAF47D00445A00 /* MapModel.swift */; };
		D0E16BC527D6F38C008F970E /* Utils.swift in Sources */ = {isa = PBXBuildFile; fileRef = D0E16BC427D6F38C008F970E /* Utils.swift */; };
		D0E16BC727D6FBCB008F970E /* JoinVC.swift in Sources */ = {isa = PBXBuildFile; fileRef = D0E16BC627D6FBCB008F970E /* JoinVC.swift */; };
		D0E16BCB27DF4E2B008F970E /* LoginVC.swift in Sources */ = {isa = PBXBuildFile; fileRef = D0E16BCA27DF4E2B008F970E /* LoginVC.swift */; };
		D0E16BCD27DF6406008F970E /* UserInfoManager.swift in Sources */ = {isa = PBXBuildFile; fileRef = D0E16BCC27DF6406008F970E /* UserInfoManager.swift */; };
		D0E16BF227E0DAC4008F970E /* APIResponse.swift in Sources */ = {isa = PBXBuildFile; fileRef = D0E16BF127E0DAC3008F970E /* APIResponse.swift */; };
		D0E3BFAA280804BC00958C30 /* likeBtn.swift in Sources */ = {isa = PBXBuildFile; fileRef = D0E3BFA9280804BC00958C30 /* likeBtn.swift */; };
		D0E3BFAD28084BCC00958C30 /* NewFeedCell.swift in Sources */ = {isa = PBXBuildFile; fileRef = D0E3BFAB28084BCC00958C30 /* NewFeedCell.swift */; };
		D0E3BFAE28084BCC00958C30 /* NewFeedCell.xib in Resources */ = {isa = PBXBuildFile; fileRef = D0E3BFAC28084BCC00958C30 /* NewFeedCell.xib */; };
/* End PBXBuildFile section */

/* Begin PBXFileReference section */
		30B307A72FEED269DC7BDEE3 /* Pods_TodoList.framework */ = {isa = PBXFileReference; explicitFileType = wrapper.framework; includeInIndex = 0; path = Pods_TodoList.framework; sourceTree = BUILT_PRODUCTS_DIR; };
		518C0CCF59DDA5D402F2AC95 /* Pods-TodoList.debug.xcconfig */ = {isa = PBXFileReference; includeInIndex = 1; lastKnownFileType = text.xcconfig; name = "Pods-TodoList.debug.xcconfig"; path = "Target Support Files/Pods-TodoList/Pods-TodoList.debug.xcconfig"; sourceTree = "<group>"; };
		6A5D8B478D0260FCEE51BBF1 /* Pods-TodoList.release.xcconfig */ = {isa = PBXFileReference; includeInIndex = 1; lastKnownFileType = text.xcconfig; name = "Pods-TodoList.release.xcconfig"; path = "Target Support Files/Pods-TodoList/Pods-TodoList.release.xcconfig"; sourceTree = "<group>"; };
		D015EE15280DBFAA00FCDAC3 /* Friend.swift */ = {isa = PBXFileReference; lastKnownFileType = sourcecode.swift; path = Friend.swift; sourceTree = "<group>"; };
		D015EE19280DC1F700FCDAC3 /* FriendCollectionViewCell.swift */ = {isa = PBXFileReference; lastKnownFileType = sourcecode.swift; path = FriendCollectionViewCell.swift; sourceTree = "<group>"; };
		D051F35127CDE2AF00ABBB4E /* TodoList.app */ = {isa = PBXFileReference; explicitFileType = wrapper.application; includeInIndex = 0; path = TodoList.app; sourceTree = BUILT_PRODUCTS_DIR; };
		D051F35427CDE2AF00ABBB4E /* AppDelegate.swift */ = {isa = PBXFileReference; lastKnownFileType = sourcecode.swift; path = AppDelegate.swift; sourceTree = "<group>"; };
		D051F35627CDE2AF00ABBB4E /* SceneDelegate.swift */ = {isa = PBXFileReference; lastKnownFileType = sourcecode.swift; path = SceneDelegate.swift; sourceTree = "<group>"; };
		D051F35827CDE2AF00ABBB4E /* ViewController.swift */ = {isa = PBXFileReference; lastKnownFileType = sourcecode.swift; path = ViewController.swift; sourceTree = "<group>"; };
		D051F35B27CDE2AF00ABBB4E /* Base */ = {isa = PBXFileReference; lastKnownFileType = file.storyboard; name = Base; path = Base.lproj/Main.storyboard; sourceTree = "<group>"; };
		D051F35E27CDE2AF00ABBB4E /* TodoList.xcdatamodel */ = {isa = PBXFileReference; lastKnownFileType = wrapper.xcdatamodel; path = TodoList.xcdatamodel; sourceTree = "<group>"; };
		D051F36027CDE2B100ABBB4E /* Assets.xcassets */ = {isa = PBXFileReference; lastKnownFileType = folder.assetcatalog; path = Assets.xcassets; sourceTree = "<group>"; };
		D051F36327CDE2B100ABBB4E /* Base */ = {isa = PBXFileReference; lastKnownFileType = file.storyboard; name = Base; path = Base.lproj/LaunchScreen.storyboard; sourceTree = "<group>"; };
		D051F36527CDE2B100ABBB4E /* Info.plist */ = {isa = PBXFileReference; lastKnownFileType = text.plist.xml; path = Info.plist; sourceTree = "<group>"; };
		D051F36B27CDE9F800ABBB4E /* TodoCell.swift */ = {isa = PBXFileReference; lastKnownFileType = sourcecode.swift; path = TodoCell.swift; sourceTree = "<group>"; };
		D051F36D27CE2ADC00ABBB4E /* TodoDetailViewController.swift */ = {isa = PBXFileReference; lastKnownFileType = sourcecode.swift; path = TodoDetailViewController.swift; sourceTree = "<group>"; };
		D051F36E27CE2ADC00ABBB4E /* TodoDetailViewController.xib */ = {isa = PBXFileReference; lastKnownFileType = file.xib; path = TodoDetailViewController.xib; sourceTree = "<group>"; };
		D082E99528218D6F00DDF586 /* DetailModel.swift */ = {isa = PBXFileReference; lastKnownFileType = sourcecode.swift; path = DetailModel.swift; sourceTree = "<group>"; };
		D08B027A27E5C21700012766 /* firstTabVC.swift */ = {isa = PBXFileReference; lastKnownFileType = sourcecode.swift; path = firstTabVC.swift; sourceTree = "<group>"; };
		D08B027E27E5C25D00012766 /* mypageVC.swift */ = {isa = PBXFileReference; lastKnownFileType = sourcecode.swift; path = mypageVC.swift; sourceTree = "<group>"; };
		D08B028527E61BCE00012766 /* profile-bg.png */ = {isa = PBXFileReference; lastKnownFileType = image.png; path = "profile-bg.png"; sourceTree = "<group>"; };
		D08B028727E8389D00012766 /* FeedCell.swift */ = {isa = PBXFileReference; lastKnownFileType = sourcecode.swift; path = FeedCell.swift; sourceTree = "<group>"; };
		D08B028B27E8577700012766 /* FeedModel.swift */ = {isa = PBXFileReference; lastKnownFileType = sourcecode.swift; path = FeedModel.swift; sourceTree = "<group>"; };
		D08B028D27E941D800012766 /* WriteVC.swift */ = {isa = PBXFileReference; lastKnownFileType = sourcecode.swift; path = WriteVC.swift; sourceTree = "<group>"; };
		D08B029627E9C86B00012766 /* CVcell.swift */ = {isa = PBXFileReference; lastKnownFileType = sourcecode.swift; path = CVcell.swift; sourceTree = "<group>"; };
		D08B02C427EB62F300012766 /* imgUploadVC.swift */ = {isa = PBXFileReference; lastKnownFileType = sourcecode.swift; path = imgUploadVC.swift; sourceTree = "<group>"; };
		D08B6999281AF6590095E54A /* DetailViewCell.swift */ = {isa = PBXFileReference; lastKnownFileType = sourcecode.swift; path = DetailViewCell.swift; sourceTree = "<group>"; };
		D08B699A281AF6590095E54A /* DetailViewCell.xib */ = {isa = PBXFileReference; lastKnownFileType = file.xib; path = DetailViewCell.xib; sourceTree = "<group>"; };
		D09E65F027F0F20400077BD5 /* OpenGLES.framework */ = {isa = PBXFileReference; lastKnownFileType = wrapper.framework; name = OpenGLES.framework; path = System/Library/Frameworks/OpenGLES.framework; sourceTree = SDKROOT; };
		D09E65F227F0F24F00077BD5 /* SystemConfiguration.framework */ = {isa = PBXFileReference; lastKnownFileType = wrapper.framework; name = SystemConfiguration.framework; path = System/Library/Frameworks/SystemConfiguration.framework; sourceTree = SDKROOT; };
		D09E65F427F0F25800077BD5 /* CoreLocation.framework */ = {isa = PBXFileReference; lastKnownFileType = wrapper.framework; name = CoreLocation.framework; path = System/Library/Frameworks/CoreLocation.framework; sourceTree = SDKROOT; };
		D09E65F627F0F26300077BD5 /* QuartzCore.framework */ = {isa = PBXFileReference; lastKnownFileType = wrapper.framework; name = QuartzCore.framework; path = System/Library/Frameworks/QuartzCore.framework; sourceTree = SDKROOT; };
		D09E65F827F0F26D00077BD5 /* libc++.tbd */ = {isa = PBXFileReference; lastKnownFileType = "sourcecode.text-based-dylib-definition"; name = "libc++.tbd"; path = "usr/lib/libc++.tbd"; sourceTree = SDKROOT; };
		D09E65FA27F0F27F00077BD5 /* libxml2.tbd */ = {isa = PBXFileReference; lastKnownFileType = "sourcecode.text-based-dylib-definition"; name = libxml2.tbd; path = usr/lib/libxml2.tbd; sourceTree = SDKROOT; };
		D09E65FC27F0F34D00077BD5 /* libsqlite3.tbd */ = {isa = PBXFileReference; lastKnownFileType = "sourcecode.text-based-dylib-definition"; name = libsqlite3.tbd; path = usr/lib/libsqlite3.tbd; sourceTree = SDKROOT; };
		D09E65FE27F1034800077BD5 /* HeartVC.swift */ = {isa = PBXFileReference; lastKnownFileType = sourcecode.swift; path = HeartVC.swift; sourceTree = "<group>"; };
		D09E660227F1079600077BD5 /* 01.jpg */ = {isa = PBXFileReference; lastKnownFileType = image.jpeg; path = 01.jpg; sourceTree = "<group>"; };
		D0C98B6F27F5EC3900445A00 /* DetailViewController.swift */ = {isa = PBXFileReference; lastKnownFileType = sourcecode.swift; path = DetailViewController.swift; sourceTree = "<group>"; };
		D0C98B7127F5EDCB00445A00 /* DetailViewController.storyboard */ = {isa = PBXFileReference; lastKnownFileType = file.storyboard; path = DetailViewController.storyboard; sourceTree = "<group>"; };
		D0C98B7327F736DF00445A00 /* nMapVC.swift */ = {isa = PBXFileReference; lastKnownFileType = sourcecode.swift; path = nMapVC.swift; sourceTree = "<group>"; };
		D0C98B7527FAF47D00445A00 /* MapModel.swift */ = {isa = PBXFileReference; lastKnownFileType = sourcecode.swift; path = MapModel.swift; sourceTree = "<group>"; };
		D0E16BC427D6F38C008F970E /* Utils.swift */ = {isa = PBXFileReference; lastKnownFileType = sourcecode.swift; path = Utils.swift; sourceTree = "<group>"; };
		D0E16BC627D6FBCB008F970E /* JoinVC.swift */ = {isa = PBXFileReference; lastKnownFileType = sourcecode.swift; path = JoinVC.swift; sourceTree = "<group>"; };
		D0E16BCA27DF4E2B008F970E /* LoginVC.swift */ = {isa = PBXFileReference; lastKnownFileType = sourcecode.swift; path = LoginVC.swift; sourceTree = "<group>"; };
		D0E16BCC27DF6406008F970E /* UserInfoManager.swift */ = {isa = PBXFileReference; lastKnownFileType = sourcecode.swift; path = UserInfoManager.swift; sourceTree = "<group>"; };
		D0E16BF127E0DAC3008F970E /* APIResponse.swift */ = {isa = PBXFileReference; lastKnownFileType = sourcecode.swift; path = APIResponse.swift; sourceTree = "<group>"; };
		D0E3BFA9280804BC00958C30 /* likeBtn.swift */ = {isa = PBXFileReference; lastKnownFileType = sourcecode.swift; path = likeBtn.swift; sourceTree = "<group>"; };
		D0E3BFAB28084BCC00958C30 /* NewFeedCell.swift */ = {isa = PBXFileReference; lastKnownFileType = sourcecode.swift; path = NewFeedCell.swift; sourceTree = "<group>"; };
		D0E3BFAC28084BCC00958C30 /* NewFeedCell.xib */ = {isa = PBXFileReference; lastKnownFileType = file.xib; path = NewFeedCell.xib; sourceTree = "<group>"; };
/* End PBXFileReference section */

/* Begin PBXFrameworksBuildPhase section */
		D051F34E27CDE2AF00ABBB4E /* Frameworks */ = {
			isa = PBXFrameworksBuildPhase;
			buildActionMask = 2147483647;
			files = (
				D09E65F927F0F27400077BD5 /* libc++.tbd in Frameworks */,
				D09E65F527F0F25800077BD5 /* CoreLocation.framework in Frameworks */,
				D09E65FD27F0F35300077BD5 /* libsqlite3.tbd in Frameworks */,
				D09E65F727F0F26300077BD5 /* QuartzCore.framework in Frameworks */,
				52F7C0BFE3E3C6BA11C2BB03 /* Pods_TodoList.framework in Frameworks */,
				D09E65FB27F0F28400077BD5 /* libxml2.tbd in Frameworks */,
				D09E65F327F0F24F00077BD5 /* SystemConfiguration.framework in Frameworks */,
				D09E65F127F0F20400077BD5 /* OpenGLES.framework in Frameworks */,
			);
			runOnlyForDeploymentPostprocessing = 0;
		};
/* End PBXFrameworksBuildPhase section */

/* Begin PBXGroup section */
		3840C3DD06ADE6695F384DC8 /* Frameworks */ = {
			isa = PBXGroup;
			children = (
				D09E65FC27F0F34D00077BD5 /* libsqlite3.tbd */,
				D09E65FA27F0F27F00077BD5 /* libxml2.tbd */,
				D09E65F827F0F26D00077BD5 /* libc++.tbd */,
				D09E65F627F0F26300077BD5 /* QuartzCore.framework */,
				D09E65F427F0F25800077BD5 /* CoreLocation.framework */,
				D09E65F227F0F24F00077BD5 /* SystemConfiguration.framework */,
				D09E65F027F0F20400077BD5 /* OpenGLES.framework */,
				30B307A72FEED269DC7BDEE3 /* Pods_TodoList.framework */,
			);
			name = Frameworks;
			sourceTree = "<group>";
		};
		6FFC66853CAEE4FE1B7CE0D2 /* Pods */ = {
			isa = PBXGroup;
			children = (
				518C0CCF59DDA5D402F2AC95 /* Pods-TodoList.debug.xcconfig */,
				6A5D8B478D0260FCEE51BBF1 /* Pods-TodoList.release.xcconfig */,
			);
			path = Pods;
			sourceTree = "<group>";
		};
		D051F34827CDE2AF00ABBB4E = {
			isa = PBXGroup;
			children = (
				D051F35327CDE2AF00ABBB4E /* TodoList */,
				D051F35227CDE2AF00ABBB4E /* Products */,
				6FFC66853CAEE4FE1B7CE0D2 /* Pods */,
				3840C3DD06ADE6695F384DC8 /* Frameworks */,
			);
			sourceTree = "<group>";
		};
		D051F35227CDE2AF00ABBB4E /* Products */ = {
			isa = PBXGroup;
			children = (
				D051F35127CDE2AF00ABBB4E /* TodoList.app */,
			);
			name = Products;
			sourceTree = "<group>";
		};
		D051F35327CDE2AF00ABBB4E /* TodoList */ = {
			isa = PBXGroup;
			children = (
				D09E660027F1035100077BD5 /* Heart */,
				D08B02C327EB62C400012766 /* TestFolder */,
				D08B02C027EB605A00012766 /* MapView */,
				D08B02BF27EB604300012766 /* Mypage */,
				D08B028A27E83DE600012766 /* Login */,
				D08B028927E838E000012766 /* MainFeed */,
				D08B028227E5C74700012766 /* Resources */,
				D051F35427CDE2AF00ABBB4E /* AppDelegate.swift */,
				D051F35627CDE2AF00ABBB4E /* SceneDelegate.swift */,
				D051F35827CDE2AF00ABBB4E /* ViewController.swift */,
				D051F36D27CE2ADC00ABBB4E /* TodoDetailViewController.swift */,
				D0E16BC427D6F38C008F970E /* Utils.swift */,
				D051F36E27CE2ADC00ABBB4E /* TodoDetailViewController.xib */,
				D051F36B27CDE9F800ABBB4E /* TodoCell.swift */,
				D051F35A27CDE2AF00ABBB4E /* Main.storyboard */,
				D051F36027CDE2B100ABBB4E /* Assets.xcassets */,
				D051F36227CDE2B100ABBB4E /* LaunchScreen.storyboard */,
				D051F36527CDE2B100ABBB4E /* Info.plist */,
				D051F35D27CDE2AF00ABBB4E /* TodoList.xcdatamodeld */,
			);
			path = TodoList;
			sourceTree = "<group>";
		};
		D08B028227E5C74700012766 /* Resources */ = {
			isa = PBXGroup;
			children = (
				D09E660227F1079600077BD5 /* 01.jpg */,
				D08B028527E61BCE00012766 /* profile-bg.png */,
			);
			path = Resources;
			sourceTree = "<group>";
		};
		D08B028927E838E000012766 /* MainFeed */ = {
			isa = PBXGroup;
			children = (
				D08B699D28215A6B0095E54A /* Detail */,
				D08B027A27E5C21700012766 /* firstTabVC.swift */,
				D08B029627E9C86B00012766 /* CVcell.swift */,
				D08B028D27E941D800012766 /* WriteVC.swift */,
				D08B028B27E8577700012766 /* FeedModel.swift */,
				D08B028727E8389D00012766 /* FeedCell.swift */,
				D0E3BFAB28084BCC00958C30 /* NewFeedCell.swift */,
				D0E3BFAC28084BCC00958C30 /* NewFeedCell.xib */,
				D0E3BFA9280804BC00958C30 /* likeBtn.swift */,
			);
			path = MainFeed;
			sourceTree = "<group>";
		};
		D08B028A27E83DE600012766 /* Login */ = {
			isa = PBXGroup;
			children = (
				D0E16BC627D6FBCB008F970E /* JoinVC.swift */,
				D0E16BCA27DF4E2B008F970E /* LoginVC.swift */,
				D0E16BCC27DF6406008F970E /* UserInfoManager.swift */,
				D0E16BF127E0DAC3008F970E /* APIResponse.swift */,
			);
			path = Login;
			sourceTree = "<group>";
		};
		D08B02BF27EB604300012766 /* Mypage */ = {
			isa = PBXGroup;
			children = (
				D08B027E27E5C25D00012766 /* mypageVC.swift */,
			);
			path = Mypage;
			sourceTree = "<group>";
		};
		D08B02C027EB605A00012766 /* MapView */ = {
			isa = PBXGroup;
			children = (
				D0C98B7327F736DF00445A00 /* nMapVC.swift */,
				D0C98B7527FAF47D00445A00 /* MapModel.swift */,
			);
			path = MapView;
			sourceTree = "<group>";
		};
		D08B02C327EB62C400012766 /* TestFolder */ = {
			isa = PBXGroup;
			children = (
				D08B02C427EB62F300012766 /* imgUploadVC.swift */,
			);
			path = TestFolder;
			sourceTree = "<group>";
		};
		D08B699D28215A6B0095E54A /* Detail */ = {
			isa = PBXGroup;
			children = (
				D0C98B6F27F5EC3900445A00 /* DetailViewController.swift */,
				D08B6999281AF6590095E54A /* DetailViewCell.swift */,
				D0C98B7127F5EDCB00445A00 /* DetailViewController.storyboard */,
				D08B699A281AF6590095E54A /* DetailViewCell.xib */,
				D082E99528218D6F00DDF586 /* DetailModel.swift */,
			);
			path = Detail;
			sourceTree = "<group>";
		};
		D09E660027F1035100077BD5 /* Heart */ = {
			isa = PBXGroup;
			children = (
				D09E65FE27F1034800077BD5 /* HeartVC.swift */,
				D015EE19280DC1F700FCDAC3 /* FriendCollectionViewCell.swift */,
				D015EE15280DBFAA00FCDAC3 /* Friend.swift */,
			);
			path = Heart;
			sourceTree = "<group>";
		};
/* End PBXGroup section */

/* Begin PBXNativeTarget section */
		D051F35027CDE2AF00ABBB4E /* TodoList */ = {
			isa = PBXNativeTarget;
			buildConfigurationList = D051F36827CDE2B100ABBB4E /* Build configuration list for PBXNativeTarget "TodoList" */;
			buildPhases = (
				F8F3E2CD25AF2EB0B8CD3EE6 /* [CP] Check Pods Manifest.lock */,
				D051F34D27CDE2AF00ABBB4E /* Sources */,
				D051F34E27CDE2AF00ABBB4E /* Frameworks */,
				D051F34F27CDE2AF00ABBB4E /* Resources */,
				6D63E3A43150233B75F789CC /* [CP] Embed Pods Frameworks */,
			);
			buildRules = (
			);
			dependencies = (
			);
			name = TodoList;
			productName = TodoList;
			productReference = D051F35127CDE2AF00ABBB4E /* TodoList.app */;
			productType = "com.apple.product-type.application";
		};
/* End PBXNativeTarget section */

/* Begin PBXProject section */
		D051F34927CDE2AF00ABBB4E /* Project object */ = {
			isa = PBXProject;
			attributes = {
				BuildIndependentTargetsInParallel = 1;
				LastSwiftUpdateCheck = 1320;
				LastUpgradeCheck = 1320;
				TargetAttributes = {
					D051F35027CDE2AF00ABBB4E = {
						CreatedOnToolsVersion = 13.2.1;
					};
				};
			};
			buildConfigurationList = D051F34C27CDE2AF00ABBB4E /* Build configuration list for PBXProject "TodoList" */;
			compatibilityVersion = "Xcode 13.0";
			developmentRegion = en;
			hasScannedForEncodings = 0;
			knownRegions = (
				en,
				Base,
			);
			mainGroup = D051F34827CDE2AF00ABBB4E;
			productRefGroup = D051F35227CDE2AF00ABBB4E /* Products */;
			projectDirPath = "";
			projectRoot = "";
			targets = (
				D051F35027CDE2AF00ABBB4E /* TodoList */,
			);
		};
/* End PBXProject section */

/* Begin PBXResourcesBuildPhase section */
		D051F34F27CDE2AF00ABBB4E /* Resources */ = {
			isa = PBXResourcesBuildPhase;
			buildActionMask = 2147483647;
			files = (
				D051F36427CDE2B100ABBB4E /* LaunchScreen.storyboard in Resources */,
				D09E660327F1079600077BD5 /* 01.jpg in Resources */,
				D051F37027CE2ADC00ABBB4E /* TodoDetailViewController.xib in Resources */,
				D0C98B7227F5EDCB00445A00 /* DetailViewController.storyboard in Resources */,
				D08B699C281AF6590095E54A /* DetailViewCell.xib in Resources */,
				D051F36127CDE2B100ABBB4E /* Assets.xcassets in Resources */,
				D051F35C27CDE2AF00ABBB4E /* Main.storyboard in Resources */,
				D0E3BFAE28084BCC00958C30 /* NewFeedCell.xib in Resources */,
				D08B028627E61BCE00012766 /* profile-bg.png in Resources */,
			);
			runOnlyForDeploymentPostprocessing = 0;
		};
/* End PBXResourcesBuildPhase section */

/* Begin PBXShellScriptBuildPhase section */
		6D63E3A43150233B75F789CC /* [CP] Embed Pods Frameworks */ = {
			isa = PBXShellScriptBuildPhase;
			buildActionMask = 2147483647;
			files = (
			);
			inputFileListPaths = (
				"${PODS_ROOT}/Target Support Files/Pods-TodoList/Pods-TodoList-frameworks-${CONFIGURATION}-input-files.xcfilelist",
			);
			name = "[CP] Embed Pods Frameworks";
			outputFileListPaths = (
				"${PODS_ROOT}/Target Support Files/Pods-TodoList/Pods-TodoList-frameworks-${CONFIGURATION}-output-files.xcfilelist",
			);
			runOnlyForDeploymentPostprocessing = 0;
			shellPath = /bin/sh;
			shellScript = "\"${PODS_ROOT}/Target Support Files/Pods-TodoList/Pods-TodoList-frameworks.sh\"\n";
			showEnvVarsInLog = 0;
		};
		F8F3E2CD25AF2EB0B8CD3EE6 /* [CP] Check Pods Manifest.lock */ = {
			isa = PBXShellScriptBuildPhase;
			buildActionMask = 2147483647;
			files = (
			);
			inputFileListPaths = (
			);
			inputPaths = (
				"${PODS_PODFILE_DIR_PATH}/Podfile.lock",
				"${PODS_ROOT}/Manifest.lock",
			);
			name = "[CP] Check Pods Manifest.lock";
			outputFileListPaths = (
			);
			outputPaths = (
				"$(DERIVED_FILE_DIR)/Pods-TodoList-checkManifestLockResult.txt",
			);
			runOnlyForDeploymentPostprocessing = 0;
			shellPath = /bin/sh;
			shellScript = "diff \"${PODS_PODFILE_DIR_PATH}/Podfile.lock\" \"${PODS_ROOT}/Manifest.lock\" > /dev/null\nif [ $? != 0 ] ; then\n    # print error to STDERR\n    echo \"error: The sandbox is not in sync with the Podfile.lock. Run 'pod install' or update your CocoaPods installation.\" >&2\n    exit 1\nfi\n# This output is used by Xcode 'outputs' to avoid re-running this script phase.\necho \"SUCCESS\" > \"${SCRIPT_OUTPUT_FILE_0}\"\n";
			showEnvVarsInLog = 0;
		};
/* End PBXShellScriptBuildPhase section */

/* Begin PBXSourcesBuildPhase section */
		D051F34D27CDE2AF00ABBB4E /* Sources */ = {
			isa = PBXSourcesBuildPhase;
			buildActionMask = 2147483647;
			files = (
				D09E65FF27F1034800077BD5 /* HeartVC.swift in Sources */,
				D0E16BC727D6FBCB008F970E /* JoinVC.swift in Sources */,
				D015EE16280DBFAA00FCDAC3 /* Friend.swift in Sources */,
				D051F35927CDE2AF00ABBB4E /* ViewController.swift in Sources */,
				D0E16BCD27DF6406008F970E /* UserInfoManager.swift in Sources */,
				D051F35527CDE2AF00ABBB4E /* AppDelegate.swift in Sources */,
				D051F35727CDE2AF00ABBB4E /* SceneDelegate.swift in Sources */,
				D0C98B7027F5EC3900445A00 /* DetailViewController.swift in Sources */,
				D0E16BCB27DF4E2B008F970E /* LoginVC.swift in Sources */,
				D0E16BC527D6F38C008F970E /* Utils.swift in Sources */,
				D051F36C27CDE9F900ABBB4E /* TodoCell.swift in Sources */,
				D0E3BFAD28084BCC00958C30 /* NewFeedCell.swift in Sources */,
				D015EE1A280DC1F700FCDAC3 /* FriendCollectionViewCell.swift in Sources */,
				D0C98B7427F736DF00445A00 /* nMapVC.swift in Sources */,
				D08B027F27E5C25D00012766 /* mypageVC.swift in Sources */,
				D051F35F27CDE2AF00ABBB4E /* TodoList.xcdatamodeld in Sources */,
				D082E99628218D6F00DDF586 /* DetailModel.swift in Sources */,
				D08B028827E8389D00012766 /* FeedCell.swift in Sources */,
				D08B699B281AF6590095E54A /* DetailViewCell.swift in Sources */,
				D051F36F27CE2ADC00ABBB4E /* TodoDetailViewController.swift in Sources */,
				D0E3BFAA280804BC00958C30 /* likeBtn.swift in Sources */,
				D0C98B7627FAF47D00445A00 /* MapModel.swift in Sources */,
				D0E16BF227E0DAC4008F970E /* APIResponse.swift in Sources */,
				D08B027B27E5C21700012766 /* firstTabVC.swift in Sources */,
				D08B028C27E8577700012766 /* FeedModel.swift in Sources */,
				D08B02C527EB62F300012766 /* imgUploadVC.swift in Sources */,
				D08B029727E9C86B00012766 /* CVcell.swift in Sources */,
				D08B028E27E941D800012766 /* WriteVC.swift in Sources */,
			);
			runOnlyForDeploymentPostprocessing = 0;
		};
/* End PBXSourcesBuildPhase section */

/* Begin PBXVariantGroup section */
		D051F35A27CDE2AF00ABBB4E /* Main.storyboard */ = {
			isa = PBXVariantGroup;
			children = (
				D051F35B27CDE2AF00ABBB4E /* Base */,
			);
			name = Main.storyboard;
			sourceTree = "<group>";
		};
		D051F36227CDE2B100ABBB4E /* LaunchScreen.storyboard */ = {
			isa = PBXVariantGroup;
			children = (
				D051F36327CDE2B100ABBB4E /* Base */,
			);
			name = LaunchScreen.storyboard;
			sourceTree = "<group>";
		};
/* End PBXVariantGroup section */

/* Begin XCBuildConfiguration section */
		D051F36627CDE2B100ABBB4E /* Debug */ = {
			isa = XCBuildConfiguration;
			buildSettings = {
				ALWAYS_SEARCH_USER_PATHS = NO;
				CLANG_ANALYZER_NONNULL = YES;
				CLANG_ANALYZER_NUMBER_OBJECT_CONVERSION = YES_AGGRESSIVE;
				CLANG_CXX_LANGUAGE_STANDARD = "gnu++17";
				CLANG_CXX_LIBRARY = "libc++";
				CLANG_ENABLE_MODULES = YES;
				CLANG_ENABLE_OBJC_ARC = YES;
				CLANG_ENABLE_OBJC_WEAK = YES;
				CLANG_WARN_BLOCK_CAPTURE_AUTORELEASING = YES;
				CLANG_WARN_BOOL_CONVERSION = YES;
				CLANG_WARN_COMMA = YES;
				CLANG_WARN_CONSTANT_CONVERSION = YES;
				CLANG_WARN_DEPRECATED_OBJC_IMPLEMENTATIONS = YES;
				CLANG_WARN_DIRECT_OBJC_ISA_USAGE = YES_ERROR;
				CLANG_WARN_DOCUMENTATION_COMMENTS = YES;
				CLANG_WARN_EMPTY_BODY = YES;
				CLANG_WARN_ENUM_CONVERSION = YES;
				CLANG_WARN_INFINITE_RECURSION = YES;
				CLANG_WARN_INT_CONVERSION = YES;
				CLANG_WARN_NON_LITERAL_NULL_CONVERSION = YES;
				CLANG_WARN_OBJC_IMPLICIT_RETAIN_SELF = YES;
				CLANG_WARN_OBJC_LITERAL_CONVERSION = YES;
				CLANG_WARN_OBJC_ROOT_CLASS = YES_ERROR;
				CLANG_WARN_QUOTED_INCLUDE_IN_FRAMEWORK_HEADER = YES;
				CLANG_WARN_RANGE_LOOP_ANALYSIS = YES;
				CLANG_WARN_STRICT_PROTOTYPES = YES;
				CLANG_WARN_SUSPICIOUS_MOVE = YES;
				CLANG_WARN_UNGUARDED_AVAILABILITY = YES_AGGRESSIVE;
				CLANG_WARN_UNREACHABLE_CODE = YES;
				CLANG_WARN__DUPLICATE_METHOD_MATCH = YES;
				COPY_PHASE_STRIP = NO;
				DEBUG_INFORMATION_FORMAT = dwarf;
				ENABLE_STRICT_OBJC_MSGSEND = YES;
				ENABLE_TESTABILITY = YES;
				GCC_C_LANGUAGE_STANDARD = gnu11;
				GCC_DYNAMIC_NO_PIC = NO;
				GCC_NO_COMMON_BLOCKS = YES;
				GCC_OPTIMIZATION_LEVEL = 0;
				GCC_PREPROCESSOR_DEFINITIONS = (
					"DEBUG=1",
					"$(inherited)",
				);
				GCC_WARN_64_TO_32_BIT_CONVERSION = YES;
				GCC_WARN_ABOUT_RETURN_TYPE = YES_ERROR;
				GCC_WARN_UNDECLARED_SELECTOR = YES;
				GCC_WARN_UNINITIALIZED_AUTOS = YES_AGGRESSIVE;
				GCC_WARN_UNUSED_FUNCTION = YES;
				GCC_WARN_UNUSED_VARIABLE = YES;
				IPHONEOS_DEPLOYMENT_TARGET = 15.2;
				MTL_ENABLE_DEBUG_INFO = INCLUDE_SOURCE;
				MTL_FAST_MATH = YES;
				ONLY_ACTIVE_ARCH = YES;
				SDKROOT = iphoneos;
				SWIFT_ACTIVE_COMPILATION_CONDITIONS = DEBUG;
				SWIFT_OPTIMIZATION_LEVEL = "-Onone";
			};
			name = Debug;
		};
		D051F36727CDE2B100ABBB4E /* Release */ = {
			isa = XCBuildConfiguration;
			buildSettings = {
				ALWAYS_SEARCH_USER_PATHS = NO;
				CLANG_ANALYZER_NONNULL = YES;
				CLANG_ANALYZER_NUMBER_OBJECT_CONVERSION = YES_AGGRESSIVE;
				CLANG_CXX_LANGUAGE_STANDARD = "gnu++17";
				CLANG_CXX_LIBRARY = "libc++";
				CLANG_ENABLE_MODULES = YES;
				CLANG_ENABLE_OBJC_ARC = YES;
				CLANG_ENABLE_OBJC_WEAK = YES;
				CLANG_WARN_BLOCK_CAPTURE_AUTORELEASING = YES;
				CLANG_WARN_BOOL_CONVERSION = YES;
				CLANG_WARN_COMMA = YES;
				CLANG_WARN_CONSTANT_CONVERSION = YES;
				CLANG_WARN_DEPRECATED_OBJC_IMPLEMENTATIONS = YES;
				CLANG_WARN_DIRECT_OBJC_ISA_USAGE = YES_ERROR;
				CLANG_WARN_DOCUMENTATION_COMMENTS = YES;
				CLANG_WARN_EMPTY_BODY = YES;
				CLANG_WARN_ENUM_CONVERSION = YES;
				CLANG_WARN_INFINITE_RECURSION = YES;
				CLANG_WARN_INT_CONVERSION = YES;
				CLANG_WARN_NON_LITERAL_NULL_CONVERSION = YES;
				CLANG_WARN_OBJC_IMPLICIT_RETAIN_SELF = YES;
				CLANG_WARN_OBJC_LITERAL_CONVERSION = YES;
				CLANG_WARN_OBJC_ROOT_CLASS = YES_ERROR;
				CLANG_WARN_QUOTED_INCLUDE_IN_FRAMEWORK_HEADER = YES;
				CLANG_WARN_RANGE_LOOP_ANALYSIS = YES;
				CLANG_WARN_STRICT_PROTOTYPES = YES;
				CLANG_WARN_SUSPICIOUS_MOVE = YES;
				CLANG_WARN_UNGUARDED_AVAILABILITY = YES_AGGRESSIVE;
				CLANG_WARN_UNREACHABLE_CODE = YES;
				CLANG_WARN__DUPLICATE_METHOD_MATCH = YES;
				COPY_PHASE_STRIP = NO;
				DEBUG_INFORMATION_FORMAT = "dwarf-with-dsym";
				ENABLE_NS_ASSERTIONS = NO;
				ENABLE_STRICT_OBJC_MSGSEND = YES;
				GCC_C_LANGUAGE_STANDARD = gnu11;
				GCC_NO_COMMON_BLOCKS = YES;
				GCC_WARN_64_TO_32_BIT_CONVERSION = YES;
				GCC_WARN_ABOUT_RETURN_TYPE = YES_ERROR;
				GCC_WARN_UNDECLARED_SELECTOR = YES;
				GCC_WARN_UNINITIALIZED_AUTOS = YES_AGGRESSIVE;
				GCC_WARN_UNUSED_FUNCTION = YES;
				GCC_WARN_UNUSED_VARIABLE = YES;
				IPHONEOS_DEPLOYMENT_TARGET = 15.2;
				MTL_ENABLE_DEBUG_INFO = NO;
				MTL_FAST_MATH = YES;
				SDKROOT = iphoneos;
				SWIFT_COMPILATION_MODE = wholemodule;
				SWIFT_OPTIMIZATION_LEVEL = "-O";
				VALIDATE_PRODUCT = YES;
			};
			name = Release;
		};
		D051F36927CDE2B100ABBB4E /* Debug */ = {
			isa = XCBuildConfiguration;
			baseConfigurationReference = 518C0CCF59DDA5D402F2AC95 /* Pods-TodoList.debug.xcconfig */;
			buildSettings = {
				ASSETCATALOG_COMPILER_APPICON_NAME = AppIcon;
				ASSETCATALOG_COMPILER_GLOBAL_ACCENT_COLOR_NAME = AccentColor;
				CLANG_ENABLE_OBJC_ARC = NO;
				CODE_SIGN_STYLE = Automatic;
				CURRENT_PROJECT_VERSION = 1;
				DEVELOPMENT_TEAM = Z7Y6QV42C3;
				FRAMEWORK_SEARCH_PATHS = "$(inherited)";
				GENERATE_INFOPLIST_FILE = YES;
				INFOPLIST_FILE = TodoList/Info.plist;
				INFOPLIST_KEY_CFBundleDisplayName = "글자줍기";
				INFOPLIST_KEY_NSPhotoLibraryUsageDescription = "\"123\"";
				INFOPLIST_KEY_UIApplicationSupportsIndirectInputEvents = YES;
				INFOPLIST_KEY_UILaunchStoryboardName = LaunchScreen;
				INFOPLIST_KEY_UIMainStoryboardFile = Main;
				INFOPLIST_KEY_UISupportedInterfaceOrientations_iPad = "UIInterfaceOrientationPortrait UIInterfaceOrientationPortraitUpsideDown UIInterfaceOrientationLandscapeLeft UIInterfaceOrientationLandscapeRight";
				INFOPLIST_KEY_UISupportedInterfaceOrientations_iPhone = "UIInterfaceOrientationPortrait UIInterfaceOrientationLandscapeLeft UIInterfaceOrientationLandscapeRight";
				LD_RUNPATH_SEARCH_PATHS = (
					"$(inherited)",
					"@executable_path/Frameworks",
				);
				MARKETING_VERSION = 1.0;
				PRODUCT_BUNDLE_IDENTIFIER = com.TodoList;
				PRODUCT_NAME = "$(TARGET_NAME)";
				SWIFT_EMIT_LOC_STRINGS = YES;
				SWIFT_INSTALL_OBJC_HEADER = YES;
				SWIFT_OBJC_BRIDGING_HEADER = "";
				SWIFT_VERSION = 5.0;
				TARGETED_DEVICE_FAMILY = "1,2";
			};
			name = Debug;
		};
		D051F36A27CDE2B100ABBB4E /* Release */ = {
			isa = XCBuildConfiguration;
			baseConfigurationReference = 6A5D8B478D0260FCEE51BBF1 /* Pods-TodoList.release.xcconfig */;
			buildSettings = {
				ASSETCATALOG_COMPILER_APPICON_NAME = AppIcon;
				ASSETCATALOG_COMPILER_GLOBAL_ACCENT_COLOR_NAME = AccentColor;
				CLANG_ENABLE_OBJC_ARC = NO;
				CODE_SIGN_STYLE = Automatic;
				CURRENT_PROJECT_VERSION = 1;
				DEVELOPMENT_TEAM = Z7Y6QV42C3;
				FRAMEWORK_SEARCH_PATHS = "$(inherited)";
				GENERATE_INFOPLIST_FILE = YES;
				INFOPLIST_FILE = TodoList/Info.plist;
				INFOPLIST_KEY_CFBundleDisplayName = "글자줍기";
				INFOPLIST_KEY_NSPhotoLibraryUsageDescription = "\"123\"";
				INFOPLIST_KEY_UIApplicationSupportsIndirectInputEvents = YES;
				INFOPLIST_KEY_UILaunchStoryboardName = LaunchScreen;
				INFOPLIST_KEY_UIMainStoryboardFile = Main;
				INFOPLIST_KEY_UISupportedInterfaceOrientations_iPad = "UIInterfaceOrientationPortrait UIInterfaceOrientationPortraitUpsideDown UIInterfaceOrientationLandscapeLeft UIInterfaceOrientationLandscapeRight";
				INFOPLIST_KEY_UISupportedInterfaceOrientations_iPhone = "UIInterfaceOrientationPortrait UIInterfaceOrientationLandscapeLeft UIInterfaceOrientationLandscapeRight";
				LD_RUNPATH_SEARCH_PATHS = (
					"$(inherited)",
					"@executable_path/Frameworks",
				);
				MARKETING_VERSION = 1.0;
				PRODUCT_BUNDLE_IDENTIFIER = com.TodoList;
				PRODUCT_NAME = "$(TARGET_NAME)";
				SWIFT_EMIT_LOC_STRINGS = YES;
				SWIFT_INSTALL_OBJC_HEADER = YES;
				SWIFT_OBJC_BRIDGING_HEADER = "";
				SWIFT_VERSION = 5.0;
				TARGETED_DEVICE_FAMILY = "1,2";
			};
			name = Release;
		};
/* End XCBuildConfiguration section */

/* Begin XCConfigurationList section */
		D051F34C27CDE2AF00ABBB4E /* Build configuration list for PBXProject "TodoList" */ = {
			isa = XCConfigurationList;
			buildConfigurations = (
				D051F36627CDE2B100ABBB4E /* Debug */,
				D051F36727CDE2B100ABBB4E /* Release */,
			);
			defaultConfigurationIsVisible = 0;
			defaultConfigurationName = Release;
		};
		D051F36827CDE2B100ABBB4E /* Build configuration list for PBXNativeTarget "TodoList" */ = {
			isa = XCConfigurationList;
			buildConfigurations = (
				D051F36927CDE2B100ABBB4E /* Debug */,
				D051F36A27CDE2B100ABBB4E /* Release */,
			);
			defaultConfigurationIsVisible = 0;
			defaultConfigurationName = Release;
		};
/* End XCConfigurationList section */

/* Begin XCVersionGroup section */
		D051F35D27CDE2AF00ABBB4E /* TodoList.xcdatamodeld */ = {
			isa = XCVersionGroup;
			children = (
				D051F35E27CDE2AF00ABBB4E /* TodoList.xcdatamodel */,
			);
			currentVersion = D051F35E27CDE2AF00ABBB4E /* TodoList.xcdatamodel */;
			path = TodoList.xcdatamodeld;
			sourceTree = "<group>";
			versionGroupType = wrapper.xcdatamodel;
		};
/* End XCVersionGroup section */
	};
	rootObject = D051F34927CDE2AF00ABBB4E /* Project object */;
}
